
Microsoft Visual Studio Solution File, Format Version 12.00
# Visual Studio Version 18
VisualStudioVersion = 18.2.11415.280 d18.0
MinimumVisualStudioVersion = 10.0.40219.1
Project("{FAE04EC0-301F-11D3-BF4B-00C04F79EFBC}") = "Expedition2Good", "Expedition2Good.csproj", "{FD3741BC-D529-D76C-6393-3F70DD0734AB}"
EndProject
Global
	GlobalSection(SolutionConfigurationPlatforms) = preSolution
		Debug|Any CPU = Debug|Any CPU
		Release|Any CPU = Release|Any CPU
	EndGlobalSection
	GlobalSection(ProjectConfigurationPlatforms) = postSolution
		{FD3741BC-D529-D76C-6393-3F70DD0734AB}.Debug|Any CPU.ActiveCfg = Debug|Any CPU
		{FD3741BC-D529-D76C-6393-3F70DD0734AB}.Debug|Any CPU.Build.0 = Debug|Any CPU
		{FD3741BC-D529-D76C-6393-3F70DD0734AB}.Release|Any CPU.ActiveCfg = Release|Any CPU
		{FD3741BC-D529-D76C-6393-3F70DD0734AB}.Release|Any CPU.Build.0 = Release|Any CPU
	EndGlobalSection
	GlobalSection(SolutionProperties) = preSolution
		HideSolutionNode = FALSE
	EndGlobalSection
	GlobalSection(ExtensibilityGlobals) = postSolution
		SolutionGuid = {5CB987F5-524F-467C-9D06-2B91E548430B}
	EndGlobalSection
EndGlobal
